
Microsoft Visual Studio Solution File, Format Version 12.00
# Visual Studio Version 17
VisualStudioVersion = 17.14.36511.14 d17.14
MinimumVisualStudioVersion = 10.0.40219.1
Project("{FAE04EC0-301F-11D3-BF4B-00C04F79EFBC}") = "OrderInShop", "OrderInShop.csproj", "{B788CC2C-CBA9-4C0E-B95D-92703950DF3A}"
EndProject
Global
	GlobalSection(SolutionConfigurationPlatforms) = preSolution
		Debug|Any CPU = Debug|Any CPU
		Release|Any CPU = Release|Any CPU
	EndGlobalSection
	GlobalSection(ProjectConfigurationPlatforms) = postSolution
		{B788CC2C-CBA9-4C0E-B95D-92703950DF3A}.Debug|Any CPU.ActiveCfg = Debug|Any CPU
		{B788CC2C-CBA9-4C0E-B95D-92703950DF3A}.Debug|Any CPU.Build.0 = Debug|Any CPU
		{B788CC2C-CBA9-4C0E-B95D-92703950DF3A}.Release|Any CPU.ActiveCfg = Release|Any CPU
		{B788CC2C-CBA9-4C0E-B95D-92703950DF3A}.Release|Any CPU.Build.0 = Release|Any CPU
	EndGlobalSection
	GlobalSection(SolutionProperties) = preSolution
		HideSolutionNode = FALSE
	EndGlobalSection
	GlobalSection(ExtensibilityGlobals) = postSolution
		SolutionGuid = {9878767D-0A62-4BC8-B1F1-216CD556690F}
	EndGlobalSection
EndGlobal
